
Microsoft Visual Studio Solution File, Format Version 12.00
# Visual Studio 15
VisualStudioVersion = 15.0.28307.1800
MinimumVisualStudioVersion = 10.0.40219.1
Project("{FAE04EC0-301F-11D3-BF4B-00C04F79EFBC}") = "DxfViewer", "DxfViewer\DxfViewer.csproj", "{81085BE0-B7BB-46B1-B6A1-2D762206A247}"
EndProject
Project("{8BC9CEB8-8B4A-11D0-8D11-00A0C91BC942}") = "CadIO", "CadLib\CadIO\CadIO.vcxproj", "{56EE925A-B566-4ECA-96EC-0674DC0B365A}"
EndProject
Global
	GlobalSection(SolutionConfigurationPlatforms) = preSolution
		Debug|Any CPU = Debug|Any CPU
		Debug|x64 = Debug|x64
		Debug|x86 = Debug|x86
		Release|Any CPU = Release|Any CPU
		Release|x64 = Release|x64
		Release|x86 = Release|x86
	EndGlobalSection
	GlobalSection(ProjectConfigurationPlatforms) = postSolution
		{81085BE0-B7BB-46B1-B6A1-2D762206A247}.Debug|Any CPU.ActiveCfg = Debug|x64
		{81085BE0-B7BB-46B1-B6A1-2D762206A247}.Debug|Any CPU.Build.0 = Debug|x64
		{81085BE0-B7BB-46B1-B6A1-2D762206A247}.Debug|x64.ActiveCfg = Debug|x64
		{81085BE0-B7BB-46B1-B6A1-2D762206A247}.Debug|x64.Build.0 = Debug|x64
		{81085BE0-B7BB-46B1-B6A1-2D762206A247}.Debug|x86.ActiveCfg = Debug|Any CPU
		{81085BE0-B7BB-46B1-B6A1-2D762206A247}.Debug|x86.Build.0 = Debug|Any CPU
		{81085BE0-B7BB-46B1-B6A1-2D762206A247}.Release|Any CPU.ActiveCfg = Release|Any CPU
		{81085BE0-B7BB-46B1-B6A1-2D762206A247}.Release|Any CPU.Build.0 = Release|Any CPU
		{81085BE0-B7BB-46B1-B6A1-2D762206A247}.Release|x64.ActiveCfg = Release|x64
		{81085BE0-B7BB-46B1-B6A1-2D762206A247}.Release|x64.Build.0 = Release|x64
		{81085BE0-B7BB-46B1-B6A1-2D762206A247}.Release|x86.ActiveCfg = Release|Any CPU
		{81085BE0-B7BB-46B1-B6A1-2D762206A247}.Release|x86.Build.0 = Release|Any CPU
		{56EE925A-B566-4ECA-96EC-0674DC0B365A}.Debug|Any CPU.ActiveCfg = Debug|Win32
		{56EE925A-B566-4ECA-96EC-0674DC0B365A}.Debug|x64.ActiveCfg = Debug|x64
		{56EE925A-B566-4ECA-96EC-0674DC0B365A}.Debug|x64.Build.0 = Debug|x64
		{56EE925A-B566-4ECA-96EC-0674DC0B365A}.Debug|x86.ActiveCfg = Debug|Win32
		{56EE925A-B566-4ECA-96EC-0674DC0B365A}.Debug|x86.Build.0 = Debug|Win32
		{56EE925A-B566-4ECA-96EC-0674DC0B365A}.Release|Any CPU.ActiveCfg = Release|Win32
		{56EE925A-B566-4ECA-96EC-0674DC0B365A}.Release|x64.ActiveCfg = Release|x64
		{56EE925A-B566-4ECA-96EC-0674DC0B365A}.Release|x64.Build.0 = Release|x64
		{56EE925A-B566-4ECA-96EC-0674DC0B365A}.Release|x86.ActiveCfg = Release|Win32
		{56EE925A-B566-4ECA-96EC-0674DC0B365A}.Release|x86.Build.0 = Release|Win32
	EndGlobalSection
	GlobalSection(SolutionProperties) = preSolution
		HideSolutionNode = FALSE
	EndGlobalSection
	GlobalSection(ExtensibilityGlobals) = postSolution
		SolutionGuid = {A9D09D17-B76B-4C18-8721-5E3188846083}
	EndGlobalSection
EndGlobal
